
Microsoft Visual Studio Solution File, Format Version 12.00
# Visual Studio 15
VisualStudioVersion = 15.0.26124.0
MinimumVisualStudioVersion = 15.0.26124.0
Project("{2150E333-8FDC-42A3-9474-1A3956D46DE8}") = "src", "src", "{79C48CFA-A381-4690-8D9B-59035AC5E252}"
EndProject
Project("{FAE04EC0-301F-11D3-BF4B-00C04F79EFBC}") = "Web", "src\Web\Web.csproj", "{97D7CA9C-3AB7-4868-AE9A-183C3C0A3ED7}"
EndProject
Project("{2150E333-8FDC-42A3-9474-1A3956D46DE8}") = "tests", "tests", "{5E04077D-1479-43DD-9140-680755C3447B}"
EndProject
Project("{FAE04EC0-301F-11D3-BF4B-00C04F79EFBC}") = "FunctionalTests", "tests\FunctionalTests\FunctionalTests.csproj", "{4D36F8A7-DF58-41F8-83BE-4527F1801390}"
EndProject
Project("{FAE04EC0-301F-11D3-BF4B-00C04F79EFBC}") = "IntegrationTests", "tests\IntegrationTests\IntegrationTests.csproj", "{F6D0218C-93BD-45D9-8FB5-F29922C0499F}"
EndProject
Project("{FAE04EC0-301F-11D3-BF4B-00C04F79EFBC}") = "UnitTests", "tests\UnitTests\UnitTests.csproj", "{C0BC9DFB-7EF6-4828-B61A-3FB607073FE0}"
EndProject
Global
	GlobalSection(SolutionConfigurationPlatforms) = preSolution
		Debug|Any CPU = Debug|Any CPU
		Debug|x64 = Debug|x64
		Debug|x86 = Debug|x86
		Release|Any CPU = Release|Any CPU
		Release|x64 = Release|x64
		Release|x86 = Release|x86
	EndGlobalSection
	GlobalSection(SolutionProperties) = preSolution
		HideSolutionNode = FALSE
	EndGlobalSection
	GlobalSection(ProjectConfigurationPlatforms) = postSolution
		{97D7CA9C-3AB7-4868-AE9A-183C3C0A3ED7}.Debug|Any CPU.ActiveCfg = Debug|Any CPU
		{97D7CA9C-3AB7-4868-AE9A-183C3C0A3ED7}.Debug|Any CPU.Build.0 = Debug|Any CPU
		{97D7CA9C-3AB7-4868-AE9A-183C3C0A3ED7}.Debug|x64.ActiveCfg = Debug|Any CPU
		{97D7CA9C-3AB7-4868-AE9A-183C3C0A3ED7}.Debug|x64.Build.0 = Debug|Any CPU
		{97D7CA9C-3AB7-4868-AE9A-183C3C0A3ED7}.Debug|x86.ActiveCfg = Debug|Any CPU
		{97D7CA9C-3AB7-4868-AE9A-183C3C0A3ED7}.Debug|x86.Build.0 = Debug|Any CPU
		{97D7CA9C-3AB7-4868-AE9A-183C3C0A3ED7}.Release|Any CPU.ActiveCfg = Release|Any CPU
		{97D7CA9C-3AB7-4868-AE9A-183C3C0A3ED7}.Release|Any CPU.Build.0 = Release|Any CPU
		{97D7CA9C-3AB7-4868-AE9A-183C3C0A3ED7}.Release|x64.ActiveCfg = Release|Any CPU
		{97D7CA9C-3AB7-4868-AE9A-183C3C0A3ED7}.Release|x64.Build.0 = Release|Any CPU
		{97D7CA9C-3AB7-4868-AE9A-183C3C0A3ED7}.Release|x86.ActiveCfg = Release|Any CPU
		{97D7CA9C-3AB7-4868-AE9A-183C3C0A3ED7}.Release|x86.Build.0 = Release|Any CPU
		{4D36F8A7-DF58-41F8-83BE-4527F1801390}.Debug|Any CPU.ActiveCfg = Debug|Any CPU
		{4D36F8A7-DF58-41F8-83BE-4527F1801390}.Debug|Any CPU.Build.0 = Debug|Any CPU
		{4D36F8A7-DF58-41F8-83BE-4527F1801390}.Debug|x64.ActiveCfg = Debug|Any CPU
		{4D36F8A7-DF58-41F8-83BE-4527F1801390}.Debug|x64.Build.0 = Debug|Any CPU
		{4D36F8A7-DF58-41F8-83BE-4527F1801390}.Debug|x86.ActiveCfg = Debug|Any CPU
		{4D36F8A7-DF58-41F8-83BE-4527F1801390}.Debug|x86.Build.0 = Debug|Any CPU
		{4D36F8A7-DF58-41F8-83BE-4527F1801390}.Release|Any CPU.ActiveCfg = Release|Any CPU
		{4D36F8A7-DF58-41F8-83BE-4527F1801390}.Release|Any CPU.Build.0 = Release|Any CPU
		{4D36F8A7-DF58-41F8-83BE-4527F1801390}.Release|x64.ActiveCfg = Release|Any CPU
		{4D36F8A7-DF58-41F8-83BE-4527F1801390}.Release|x64.Build.0 = Release|Any CPU
		{4D36F8A7-DF58-41F8-83BE-4527F1801390}.Release|x86.ActiveCfg = Release|Any CPU
		{4D36F8A7-DF58-41F8-83BE-4527F1801390}.Release|x86.Build.0 = Release|Any CPU
		{F6D0218C-93BD-45D9-8FB5-F29922C0499F}.Debug|Any CPU.ActiveCfg = Debug|Any CPU
		{F6D0218C-93BD-45D9-8FB5-F29922C0499F}.Debug|Any CPU.Build.0 = Debug|Any CPU
		{F6D0218C-93BD-45D9-8FB5-F29922C0499F}.Debug|x64.ActiveCfg = Debug|Any CPU
		{F6D0218C-93BD-45D9-8FB5-F29922C0499F}.Debug|x64.Build.0 = Debug|Any CPU
		{F6D0218C-93BD-45D9-8FB5-F29922C0499F}.Debug|x86.ActiveCfg = Debug|Any CPU
		{F6D0218C-93BD-45D9-8FB5-F29922C0499F}.Debug|x86.Build.0 = Debug|Any CPU
		{F6D0218C-93BD-45D9-8FB5-F29922C0499F}.Release|Any CPU.ActiveCfg = Release|Any CPU
		{F6D0218C-93BD-45D9-8FB5-F29922C0499F}.Release|Any CPU.Build.0 = Release|Any CPU
		{F6D0218C-93BD-45D9-8FB5-F29922C0499F}.Release|x64.ActiveCfg = Release|Any CPU
		{F6D0218C-93BD-45D9-8FB5-F29922C0499F}.Release|x64.Build.0 = Release|Any CPU
		{F6D0218C-93BD-45D9-8FB5-F29922C0499F}.Release|x86.ActiveCfg = Release|Any CPU
		{F6D0218C-93BD-45D9-8FB5-F29922C0499F}.Release|x86.Build.0 = Release|Any CPU
		{C0BC9DFB-7EF6-4828-B61A-3FB607073FE0}.Debug|Any CPU.ActiveCfg = Debug|Any CPU
		{C0BC9DFB-7EF6-4828-B61A-3FB607073FE0}.Debug|Any CPU.Build.0 = Debug|Any CPU
		{C0BC9DFB-7EF6-4828-B61A-3FB607073FE0}.Debug|x64.ActiveCfg = Debug|Any CPU
		{C0BC9DFB-7EF6-4828-B61A-3FB607073FE0}.Debug|x64.Build.0 = Debug|Any CPU
		{C0BC9DFB-7EF6-4828-B61A-3FB607073FE0}.Debug|x86.ActiveCfg = Debug|Any CPU
		{C0BC9DFB-7EF6-4828-B61A-3FB607073FE0}.Debug|x86.Build.0 = Debug|Any CPU
		{C0BC9DFB-7EF6-4828-B61A-3FB607073FE0}.Release|Any CPU.ActiveCfg = Release|Any CPU
		{C0BC9DFB-7EF6-4828-B61A-3FB607073FE0}.Release|Any CPU.Build.0 = Release|Any CPU
		{C0BC9DFB-7EF6-4828-B61A-3FB607073FE0}.Release|x64.ActiveCfg = Release|Any CPU
		{C0BC9DFB-7EF6-4828-B61A-3FB607073FE0}.Release|x64.Build.0 = Release|Any CPU
		{C0BC9DFB-7EF6-4828-B61A-3FB607073FE0}.Release|x86.ActiveCfg = Release|Any CPU
		{C0BC9DFB-7EF6-4828-B61A-3FB607073FE0}.Release|x86.Build.0 = Release|Any CPU
	EndGlobalSection
	GlobalSection(NestedProjects) = preSolution
		{97D7CA9C-3AB7-4868-AE9A-183C3C0A3ED7} = {79C48CFA-A381-4690-8D9B-59035AC5E252}
		{4D36F8A7-DF58-41F8-83BE-4527F1801390} = {5E04077D-1479-43DD-9140-680755C3447B}
		{F6D0218C-93BD-45D9-8FB5-F29922C0499F} = {5E04077D-1479-43DD-9140-680755C3447B}
		{C0BC9DFB-7EF6-4828-B61A-3FB607073FE0} = {5E04077D-1479-43DD-9140-680755C3447B}
	EndGlobalSection
EndGlobal
